PODS:
  - LemonKit (1.0.12)
  - MJRefresh (3.1.12)

DEPENDENCIES:
  - LemonKit (= 1.0.12)
  - MJRefresh (= 3.1.12)

SPEC CHECKSUMS:
  LemonKit: f7bb17de72201e7dd198a271f710a3ba0b47267b
  MJRefresh: b96cdb21c4aa75a7b07654311ab2f315c497e806

PODFILE CHECKSUM: 81a3d0705248915f9d975c9b5b08865ca084ed75

COCOAPODS: 1.2.0.beta.3
